{
  "requires": true,
  "lockfileVersion": 1,
  "dependencies": {
    "semantic-ui-vue": {
      "version": "0.11.0",
      "resolved": "https://registry.npmjs.org/semantic-ui-vue/-/semantic-ui-vue-0.11.0.tgz",
      "integrity": "sha512-wQE7zn7TIOPbLzbUp5hhIzivEkV6qk/i+Vc/BCQCQH7thF7UWqsEAcWWrlskwMTD48uoqGGUHIEN+kxsy0W3mA=="
    },
    "vue": {
      "version": "2.6.12",
      "resolved": "https://registry.npmjs.org/vue/-/vue-2.6.12.tgz",
      "integrity": "sha512-uhmLFETqPPNyuLLbsKz6ioJ4q7AZHzD8ZVFNATNyICSZouqP2Sz0rotWQC8UNBF6VGSCs5abnKJoStA6JbCbfg=="
    },
    "vuejs-google-maps": {
      "version": "0.0.10",
      "resolved": "https://registry.npmjs.org/vuejs-google-maps/-/vuejs-google-maps-0.0.10.tgz",
      "integrity": "sha512-O8caUdo2Ub5G0NW97CkO5/ngYp199GfwlTW/uPLpPOCIlzvP0RChrodF9+kQ6F8FjMb0x6MhN4BrJRfHzGWh+Q==",
      "requires": {
        "vue": "^2.6.11"
      }
    }
  }
}
